// !$*UTF8*$!
{
	archiveVersion = 1;
	classes = {
	};
	objectVersion = 46;
	objects = {

/* Begin PBXBuildFile section */
		6DB0297B1E123C990031AF61 /* main.m in Sources */ = {isa = PBXBuildFile; fileRef = 6DB0297A1E123C990031AF61 /* main.m */; };
		6DB0297E1E123C990031AF61 /* AppDelegate.m in Sources */ = {isa = PBXBuildFile; fileRef = 6DB0297D1E123C990031AF61 /* AppDelegate.m */; };
		6DB029811E123C990031AF61 /* ViewController.m in Sources */ = {isa = PBXBuildFile; fileRef = 6DB029801E123C990031AF61 /* ViewController.m */; };
		6DB029841E123C990031AF61 /* Main.storyboard in Resources */ = {isa = PBXBuildFile; fileRef = 6DB029821E123C990031AF61 /* Main.storyboard */; };
		6DB029861E123C990031AF61 /* Assets.xcassets in Resources */ = {isa = PBXBuildFile; fileRef = 6DB029851E123C990031AF61 /* Assets.xcassets */; };
		6DB029891E123C990031AF61 /* LaunchScreen.storyboard in Resources */ = {isa = PBXBuildFile; fileRef = 6DB029871E123C990031AF61 /* LaunchScreen.storyboard */; };
		6DB029921E123D1B0031AF61 /* RatingBar.m in Sources */ = {isa = PBXBuildFile; fileRef = 6DB029911E123D1B0031AF61 /* RatingBar.m */; };
/* End PBXBuildFile section */

/* Begin PBXFileReference section */
		6DB029761E123C990031AF61 /* my1stRatingbarDemo.app */ = {isa = PBXFileReference; explicitFileType = wrapper.application; includeInIndex = 0; path = my1stRatingbarDemo.app; sourceTree = BUILT_PRODUCTS_DIR; };
		6DB0297A1E123C990031AF61 /* main.m */ = {isa = PBXFileReference; lastKnownFileType = sourcecode.c.objc; path = main.m; sourceTree = "<group>"; };
		6DB0297C1E123C990031AF61 /* AppDelegate.h */ = {isa = PBXFileReference; lastKnownFileType = sourcecode.c.h; path = AppDelegate.h; sourceTree = "<group>"; };
		6DB0297D1E123C990031AF61 /* AppDelegate.m */ = {isa = PBXFileReference; lastKnownFileType = sourcecode.c.objc; path = AppDelegate.m; sourceTree = "<group>"; };
		6DB0297F1E123C990031AF61 /* ViewController.h */ = {isa = PBXFileReference; lastKnownFileType = sourcecode.c.h; path = ViewController.h; sourceTree = "<group>"; };
		6DB029801E123C990031AF61 /* ViewController.m */ = {isa = PBXFileReference; lastKnownFileType = sourcecode.c.objc; path = ViewController.m; sourceTree = "<group>"; };
		6DB029831E123C990031AF61 /* Base */ = {isa = PBXFileReference; lastKnownFileType = file.storyboard; name = Base; path = Base.lproj/Main.storyboard; sourceTree = "<group>"; };
		6DB029851E123C990031AF61 /* Assets.xcassets */ = {isa = PBXFileReference; lastKnownFileType = folder.assetcatalog; path = Assets.xcassets; sourceTree = "<group>"; };
		6DB029881E123C990031AF61 /* Base */ = {isa = PBXFileReference; lastKnownFileType = file.storyboard; name = Base; path = Base.lproj/LaunchScreen.storyboard; sourceTree = "<group>"; };
		6DB0298A1E123C990031AF61 /* Info.plist */ = {isa = PBXFileReference; lastKnownFileType = text.plist.xml; path = Info.plist; sourceTree = "<group>"; };
		6DB029901E123D1A0031AF61 /* RatingBar.h */ = {isa = PBXFileReference; fileEncoding = 4; lastKnownFileType = sourcecode.c.h; path = RatingBar.h; sourceTree = "<group>"; };
		6DB029911E123D1B0031AF61 /* RatingBar.m */ = {isa = PBXFileReference; fileEncoding = 4; lastKnownFileType = sourcecode.c.objc; path = RatingBar.m; sourceTree = "<group>"; };
/* End PBXFileReference section */

/* Begin PBXFrameworksBuildPhase section */
		6DB029731E123C990031AF61 /* Frameworks */ = {
			isa = PBXFrameworksBuildPhase;
			buildActionMask = 2147483647;
			files = (
			);
			runOnlyForDeploymentPostprocessing = 0;
		};
/* End PBXFrameworksBuildPhase section */

/* Begin PBXGroup section */
		6DB0296D1E123C990031AF61 = {
			isa = PBXGroup;
			children = (
				6DB029781E123C990031AF61 /* my1stRatingbarDemo */,
				6DB029771E123C990031AF61 /* Products */,
			);
			sourceTree = "<group>";
		};
		6DB029771E123C990031AF61 /* Products */ = {
			isa = PBXGroup;
			children = (
				6DB029761E123C990031AF61 /* my1stRatingbarDemo.app */,
			);
			name = Products;
			sourceTree = "<group>";
		};
		6DB029781E123C990031AF61 /* my1stRatingbarDemo */ = {
			isa = PBXGroup;
			children = (
				6DB029901E123D1A0031AF61 /* RatingBar.h */,
				6DB029911E123D1B0031AF61 /* RatingBar.m */,
				6DB0297F1E123C990031AF61 /* ViewController.h */,
				6DB029801E123C990031AF61 /* ViewController.m */,
				6DB029791E123C990031AF61 /* Supporting Files */,
			);
			path = my1stRatingbarDemo;
			sourceTree = "<group>";
		};
		6DB029791E123C990031AF61 /* Supporting Files */ = {
			isa = PBXGroup;
			children = (
				6DB0297C1E123C990031AF61 /* AppDelegate.h */,
				6DB0297D1E123C990031AF61 /* AppDelegate.m */,
				6DB029821E123C990031AF61 /* Main.storyboard */,
				6DB029851E123C990031AF61 /* Assets.xcassets */,
				6DB029871E123C990031AF61 /* LaunchScreen.storyboard */,
				6DB0298A1E123C990031AF61 /* Info.plist */,
				6DB0297A1E123C990031AF61 /* main.m */,
			);
			name = "Supporting Files";
			sourceTree = "<group>";
		};
/* End PBXGroup section */

/* Begin PBXNativeTarget section */
		6DB029751E123C990031AF61 /* my1stRatingbarDemo */ = {
			isa = PBXNativeTarget;
			buildConfigurationList = 6DB0298D1E123C990031AF61 /* Build configuration list for PBXNativeTarget "my1stRatingbarDemo" */;
			buildPhases = (
				6DB029721E123C990031AF61 /* Sources */,
				6DB029731E123C990031AF61 /* Frameworks */,
				6DB029741E123C990031AF61 /* Resources */,
			);
			buildRules = (
			);
			dependencies = (
			);
			name = my1stRatingbarDemo;
			productName = my1stRatingbarDemo;
			productReference = 6DB029761E123C990031AF61 /* my1stRatingbarDemo.app */;
			productType = "com.apple.product-type.application";
		};
/* End PBXNativeTarget section */

/* Begin PBXProject section */
		6DB0296E1E123C990031AF61 /* Project object */ = {
			isa = PBXProject;
			attributes = {
				LastUpgradeCheck = 0810;
				ORGANIZATIONNAME = ernie.cheng;
				TargetAttributes = {
					6DB029751E123C990031AF61 = {
						CreatedOnToolsVersion = 8.1;
						ProvisioningStyle = Automatic;
					};
				};
			};
			buildConfigurationList = 6DB029711E123C990031AF61 /* Build configuration list for PBXProject "my1stRatingbarDemo" */;
			compatibilityVersion = "Xcode 3.2";
			developmentRegion = English;
			hasScannedForEncodings = 0;
			knownRegions = (
				en,
				Base,
			);
			mainGroup = 6DB0296D1E123C990031AF61;
			productRefGroup = 6DB029771E123C990031AF61 /* Products */;
			projectDirPath = "";
			projectRoot = "";
			targets = (
				6DB029751E123C990031AF61 /* my1stRatingbarDemo */,
			);
		};
/* End PBXProject section */

/* Begin PBXResourcesBuildPhase section */
		6DB029741E123C990031AF61 /* Resources */ = {
			isa = PBXResourcesBuildPhase;
			buildActionMask = 2147483647;
			files = (
				6DB029891E123C990031AF61 /* LaunchScreen.storyboard in Resources */,
				6DB029861E123C990031AF61 /* Assets.xcassets in Resources */,
				6DB029841E123C990031AF61 /* Main.storyboard in Resources */,
			);
			runOnlyForDeploymentPostprocessing = 0;
		};
/* End PBXResourcesBuildPhase section */

/* Begin PBXSourcesBuildPhase section */
		6DB029721E123C990031AF61 /* Sources */ = {
			isa = PBXSourcesBuildPhase;
			buildActionMask = 2147483647;
			files = (
				6DB029921E123D1B0031AF61 /* RatingBar.m in Sources */,
				6DB029811E123C990031AF61 /* ViewController.m in Sources */,
				6DB0297E1E123C990031AF61 /* AppDelegate.m in Sources */,
				6DB0297B1E123C990031AF61 /* main.m in Sources */,
			);
			runOnlyForDeploymentPostprocessing = 0;
		};
/* End PBXSourcesBuildPhase section */

/* Begin PBXVariantGroup section */
		6DB029821E123C990031AF61 /* Main.storyboard */ = {
			isa = PBXVariantGroup;
			children = (
				6DB029831E123C990031AF61 /* Base */,
			);
			name = Main.storyboard;
			sourceTree = "<group>";
		};
		6DB029871E123C990031AF61 /* LaunchScreen.storyboard */ = {
			isa = PBXVariantGroup;
			children = (
				6DB029881E123C990031AF61 /* Base */,
			);
			name = LaunchScreen.storyboard;
			sourceTree = "<group>";
		};
/* End PBXVariantGroup section */

/* Begin XCBuildConfiguration section */
		6DB0298B1E123C990031AF61 /* Debug */ = {
			isa = XCBuildConfiguration;
			buildSettings = {
				ALWAYS_SEARCH_USER_PATHS = NO;
				CLANG_ANALYZER_NONNULL = YES;
				CLANG_CXX_LANGUAGE_STANDARD = "gnu++0x";
				CLANG_CXX_LIBRARY = "libc++";
				CLANG_ENABLE_MODULES = YES;
				CLANG_ENABLE_OBJC_ARC = YES;
				CLANG_WARN_BOOL_CONVERSION = YES;
				CLANG_WARN_CONSTANT_CONVERSION = YES;
				CLANG_WARN_DIRECT_OBJC_ISA_USAGE = YES_ERROR;
				CLANG_WARN_DOCUMENTATION_COMMENTS = YES;
				CLANG_WARN_EMPTY_BODY = YES;
				CLANG_WARN_ENUM_CONVERSION = YES;
				CLANG_WARN_INFINITE_RECURSION = YES;
				CLANG_WARN_INT_CONVERSION = YES;
				CLANG_WARN_OBJC_ROOT_CLASS = YES_ERROR;
				CLANG_WARN_SUSPICIOUS_MOVES = YES;
				CLANG_WARN_UNREACHABLE_CODE = YES;
				CLANG_WARN__DUPLICATE_METHOD_MATCH = YES;
				"CODE_SIGN_IDENTITY[sdk=iphoneos*]" = "iPhone Developer";
				COPY_PHASE_STRIP = NO;
				DEBUG_INFORMATION_FORMAT = dwarf;
				ENABLE_STRICT_OBJC_MSGSEND = YES;
				ENABLE_TESTABILITY = YES;
				GCC_C_LANGUAGE_STANDARD = gnu99;
				GCC_DYNAMIC_NO_PIC = NO;
				GCC_NO_COMMON_BLOCKS = YES;
				GCC_OPTIMIZATION_LEVEL = 0;
				GCC_PREPROCESSOR_DEFINITIONS = (
					"DEBUG=1",
					"$(inherited)",
				);
				GCC_WARN_64_TO_32_BIT_CONVERSION = YES;
				GCC_WARN_ABOUT_RETURN_TYPE = YES_ERROR;
				GCC_WARN_UNDECLARED_SELECTOR = YES;
				GCC_WARN_UNINITIALIZED_AUTOS = YES_AGGRESSIVE;
				GCC_WARN_UNUSED_FUNCTION = YES;
				GCC_WARN_UNUSED_VARIABLE = YES;
				IPHONEOS_DEPLOYMENT_TARGET = 10.1;
				MTL_ENABLE_DEBUG_INFO = YES;
				ONLY_ACTIVE_ARCH = YES;
				SDKROOT = iphoneos;
			};
			name = Debug;
		};
		6DB0298C1E123C990031AF61 /* Release */ = {
			isa = XCBuildConfiguration;
			buildSettings = {
				ALWAYS_SEARCH_USER_PATHS = NO;
				CLANG_ANALYZER_NONNULL = YES;
				CLANG_CXX_LANGUAGE_STANDARD = "gnu++0x";
				CLANG_CXX_LIBRARY = "libc++";
				CLANG_ENABLE_MODULES = YES;
				CLANG_ENABLE_OBJC_ARC = YES;
				CLANG_WARN_BOOL_CONVERSION = YES;
				CLANG_WARN_CONSTANT_CONVERSION = YES;
				CLANG_WARN_DIRECT_OBJC_ISA_USAGE = YES_ERROR;
				CLANG_WARN_DOCUMENTATION_COMMENTS = YES;
				CLANG_WARN_EMPTY_BODY = YES;
				CLANG_WARN_ENUM_CONVERSION = YES;
				CLANG_WARN_INFINITE_RECURSION = YES;
				CLANG_WARN_INT_CONVERSION = YES;
				CLANG_WARN_OBJC_ROOT_CLASS = YES_ERROR;
				CLANG_WARN_SUSPICIOUS_MOVES = YES;
				CLANG_WARN_UNREACHABLE_CODE = YES;
				CLANG_WARN__DUPLICATE_METHOD_MATCH = YES;
				"CODE_SIGN_IDENTITY[sdk=iphoneos*]" = "iPhone Developer";
				COPY_PHASE_STRIP = NO;
				DEBUG_INFORMATION_FORMAT = "dwarf-with-dsym";
				ENABLE_NS_ASSERTIONS = NO;
				ENABLE_STRICT_OBJC_MSGSEND = YES;
				GCC_C_LANGUAGE_STANDARD = gnu99;
				GCC_NO_COMMON_BLOCKS = YES;
				GCC_WARN_64_TO_32_BIT_CONVERSION = YES;
				GCC_WARN_ABOUT_RETURN_TYPE = YES_ERROR;
				GCC_WARN_UNDECLARED_SELECTOR = YES;
				GCC_WARN_UNINITIALIZED_AUTOS = YES_AGGRESSIVE;
				GCC_WARN_UNUSED_FUNCTION = YES;
				GCC_WARN_UNUSED_VARIABLE = YES;
				IPHONEOS_DEPLOYMENT_TARGET = 10.1;
				MTL_ENABLE_DEBUG_INFO = NO;
				SDKROOT = iphoneos;
				VALIDATE_PRODUCT = YES;
			};
			name = Release;
		};
		6DB0298E1E123C990031AF61 /* Debug */ = {
			isa = XCBuildConfiguration;
			buildSettings = {
				ASSETCATALOG_COMPILER_APPICON_NAME = AppIcon;
				INFOPLIST_FILE = my1stRatingbarDemo/Info.plist;
				LD_RUNPATH_SEARCH_PATHS = "$(inherited) @executable_path/Frameworks";
				PRODUCT_BUNDLE_IDENTIFIER = com.ernie.perficient.my1stRatingbarDemo;
				PRODUCT_NAME = "$(TARGET_NAME)";
			};
			name = Debug;
		};
		6DB0298F1E123C990031AF61 /* Release */ = {
			isa = XCBuildConfiguration;
			buildSettings = {
				ASSETCATALOG_COMPILER_APPICON_NAME = AppIcon;
				INFOPLIST_FILE = my1stRatingbarDemo/Info.plist;
				LD_RUNPATH_SEARCH_PATHS = "$(inherited) @executable_path/Frameworks";
				PRODUCT_BUNDLE_IDENTIFIER = com.ernie.perficient.my1stRatingbarDemo;
				PRODUCT_NAME = "$(TARGET_NAME)";
			};
			name = Release;
		};
/* End XCBuildConfiguration section */

/* Begin XCConfigurationList section */
		6DB029711E123C990031AF61 /* Build configuration list for PBXProject "my1stRatingbarDemo" */ = {
			isa = XCConfigurationList;
			buildConfigurations = (
				6DB0298B1E123C990031AF61 /* Debug */,
				6DB0298C1E123C990031AF61 /* Release */,
			);
			defaultConfigurationIsVisible = 0;
			defaultConfigurationName = Release;
		};
		6DB0298D1E123C990031AF61 /* Build configuration list for PBXNativeTarget "my1stRatingbarDemo" */ = {
			isa = XCConfigurationList;
			buildConfigurations = (
				6DB0298E1E123C990031AF61 /* Debug */,
				6DB0298F1E123C990031AF61 /* Release */,
			);
			defaultConfigurationIsVisible = 0;
		};
/* End XCConfigurationList section */
	};
	rootObject = 6DB0296E1E123C990031AF61 /* Project object */;
}
